
Microsoft Visual Studio Solution File, Format Version 12.00
# Visual Studio Version 17
VisualStudioVersion = 17.7.34221.43
MinimumVisualStudioVersion = 10.0.40219.1
Project("{D2ABAB84-BF74-430A-B69E-9DC6D40DDA17}") = "Gravity_Books_SSAS", "Gravity_Books_SSAS\Gravity_Books_SSAS.dwproj", "{EC9587E2-9837-432C-A9DC-0478086BE264}"
EndProject
Global
	GlobalSection(SolutionConfigurationPlatforms) = preSolution
		Development|Default = Development|Default
	EndGlobalSection
	GlobalSection(ProjectConfigurationPlatforms) = postSolution
		{EC9587E2-9837-432C-A9DC-0478086BE264}.Development|Default.ActiveCfg = Development
		{EC9587E2-9837-432C-A9DC-0478086BE264}.Development|Default.Build.0 = Development
		{EC9587E2-9837-432C-A9DC-0478086BE264}.Development|Default.Deploy.0 = Development
	EndGlobalSection
	GlobalSection(SolutionProperties) = preSolution
		HideSolutionNode = FALSE
	EndGlobalSection
	GlobalSection(ExtensibilityGlobals) = postSolution
		SolutionGuid = {8037BB63-8A73-46D9-8E77-2B2D0C46072B}
	EndGlobalSection
EndGlobal
